
Microsoft Visual Studio Solution File, Format Version 12.00
# Visual Studio 15
VisualStudioVersion = 15.0.27130.2027
MinimumVisualStudioVersion = 10.0.40219.1
Project("{FAE04EC0-301F-11D3-BF4B-00C04F79EFBC}") = "Manga.NET", "Manga.NET\Manga.NET.csproj", "{CFF00530-71F9-4DC2-8E15-DD4A35B7B875}"
EndProject
Project("{2150E333-8FDC-42A3-9474-1A3956D46DE8}") = "tests", "tests", "{EB2D5506-B46B-4B19-9031-8E270572E2C1}"
EndProject
Project("{9A19103F-16F7-4668-BE54-9A1E7A4F7556}") = "testManga", "testManga\testManga.csproj", "{2CECB65C-B6D5-417E-8A32-E53F157F3C42}"
EndProject
Project("{9A19103F-16F7-4668-BE54-9A1E7A4F7556}") = "testChapter", "testChapter\testChapter.csproj", "{CF6D6DF7-64B2-47C1-93DE-5A461971C63A}"
EndProject
Project("{9A19103F-16F7-4668-BE54-9A1E7A4F7556}") = "TestAPI", "TestAPI\TestAPI.csproj", "{2BD751BB-908A-41A2-8B66-9C6E06E28798}"
EndProject
Project("{9A19103F-16F7-4668-BE54-9A1E7A4F7556}") = "testLibrary", "testLibrary\testLibrary.csproj", "{57BD5294-D3B5-45EE-8D6A-BFBD82B6502B}"
EndProject
Project("{9A19103F-16F7-4668-BE54-9A1E7A4F7556}") = "MangaLib", "MangaLib\MangaLib.csproj", "{058A8B1B-2289-42D1-BC22-A1BF164BEB9D}"
EndProject
Project("{FAE04EC0-301F-11D3-BF4B-00C04F79EFBC}") = "LocalDataSaverLib", "LocalDataSaverLib\LocalDataSaverLib.csproj", "{03B5F305-1747-41F8-9AE7-F6701C37CD9F}"
EndProject
Project("{FAE04EC0-301F-11D3-BF4B-00C04F79EFBC}") = "AppDataSaverLib", "AppDataSaverLib\AppDataSaverLib.csproj", "{D46AA941-40CD-4C6D-AA3A-4761D7AB70F6}"
EndProject
Global
	GlobalSection(SolutionConfigurationPlatforms) = preSolution
		Debug|Any CPU = Debug|Any CPU
		Debug|ARM = Debug|ARM
		Debug|x64 = Debug|x64
		Debug|x86 = Debug|x86
		Release|Any CPU = Release|Any CPU
		Release|ARM = Release|ARM
		Release|x64 = Release|x64
		Release|x86 = Release|x86
	EndGlobalSection
	GlobalSection(ProjectConfigurationPlatforms) = postSolution
		{CFF00530-71F9-4DC2-8E15-DD4A35B7B875}.Debug|Any CPU.ActiveCfg = Debug|x86
		{CFF00530-71F9-4DC2-8E15-DD4A35B7B875}.Debug|Any CPU.Build.0 = Debug|x86
		{CFF00530-71F9-4DC2-8E15-DD4A35B7B875}.Debug|Any CPU.Deploy.0 = Debug|x86
		{CFF00530-71F9-4DC2-8E15-DD4A35B7B875}.Debug|ARM.ActiveCfg = Debug|ARM
		{CFF00530-71F9-4DC2-8E15-DD4A35B7B875}.Debug|ARM.Build.0 = Debug|ARM
		{CFF00530-71F9-4DC2-8E15-DD4A35B7B875}.Debug|ARM.Deploy.0 = Debug|ARM
		{CFF00530-71F9-4DC2-8E15-DD4A35B7B875}.Debug|x64.ActiveCfg = Debug|x64
		{CFF00530-71F9-4DC2-8E15-DD4A35B7B875}.Debug|x64.Build.0 = Debug|x64
		{CFF00530-71F9-4DC2-8E15-DD4A35B7B875}.Debug|x64.Deploy.0 = Debug|x64
		{CFF00530-71F9-4DC2-8E15-DD4A35B7B875}.Debug|x86.ActiveCfg = Debug|x86
		{CFF00530-71F9-4DC2-8E15-DD4A35B7B875}.Debug|x86.Build.0 = Debug|x86
		{CFF00530-71F9-4DC2-8E15-DD4A35B7B875}.Debug|x86.Deploy.0 = Debug|x86
		{CFF00530-71F9-4DC2-8E15-DD4A35B7B875}.Release|Any CPU.ActiveCfg = Release|x86
		{CFF00530-71F9-4DC2-8E15-DD4A35B7B875}.Release|ARM.ActiveCfg = Release|ARM
		{CFF00530-71F9-4DC2-8E15-DD4A35B7B875}.Release|ARM.Build.0 = Release|ARM
		{CFF00530-71F9-4DC2-8E15-DD4A35B7B875}.Release|ARM.Deploy.0 = Release|ARM
		{CFF00530-71F9-4DC2-8E15-DD4A35B7B875}.Release|x64.ActiveCfg = Release|x64
		{CFF00530-71F9-4DC2-8E15-DD4A35B7B875}.Release|x64.Build.0 = Release|x64
		{CFF00530-71F9-4DC2-8E15-DD4A35B7B875}.Release|x64.Deploy.0 = Release|x64
		{CFF00530-71F9-4DC2-8E15-DD4A35B7B875}.Release|x86.ActiveCfg = Release|x86
		{CFF00530-71F9-4DC2-8E15-DD4A35B7B875}.Release|x86.Build.0 = Release|x86
		{CFF00530-71F9-4DC2-8E15-DD4A35B7B875}.Release|x86.Deploy.0 = Release|x86
		{2CECB65C-B6D5-417E-8A32-E53F157F3C42}.Debug|Any CPU.ActiveCfg = Debug|Any CPU
		{2CECB65C-B6D5-417E-8A32-E53F157F3C42}.Debug|Any CPU.Build.0 = Debug|Any CPU
		{2CECB65C-B6D5-417E-8A32-E53F157F3C42}.Debug|ARM.ActiveCfg = Debug|Any CPU
		{2CECB65C-B6D5-417E-8A32-E53F157F3C42}.Debug|ARM.Build.0 = Debug|Any CPU
		{2CECB65C-B6D5-417E-8A32-E53F157F3C42}.Debug|x64.ActiveCfg = Debug|Any CPU
		{2CECB65C-B6D5-417E-8A32-E53F157F3C42}.Debug|x64.Build.0 = Debug|Any CPU
		{2CECB65C-B6D5-417E-8A32-E53F157F3C42}.Debug|x86.ActiveCfg = Debug|Any CPU
		{2CECB65C-B6D5-417E-8A32-E53F157F3C42}.Debug|x86.Build.0 = Debug|Any CPU
		{2CECB65C-B6D5-417E-8A32-E53F157F3C42}.Release|Any CPU.ActiveCfg = Release|Any CPU
		{2CECB65C-B6D5-417E-8A32-E53F157F3C42}.Release|Any CPU.Build.0 = Release|Any CPU
		{2CECB65C-B6D5-417E-8A32-E53F157F3C42}.Release|ARM.ActiveCfg = Release|Any CPU
		{2CECB65C-B6D5-417E-8A32-E53F157F3C42}.Release|ARM.Build.0 = Release|Any CPU
		{2CECB65C-B6D5-417E-8A32-E53F157F3C42}.Release|x64.ActiveCfg = Release|Any CPU
		{2CECB65C-B6D5-417E-8A32-E53F157F3C42}.Release|x64.Build.0 = Release|Any CPU
		{2CECB65C-B6D5-417E-8A32-E53F157F3C42}.Release|x86.ActiveCfg = Release|Any CPU
		{2CECB65C-B6D5-417E-8A32-E53F157F3C42}.Release|x86.Build.0 = Release|Any CPU
		{CF6D6DF7-64B2-47C1-93DE-5A461971C63A}.Debug|Any CPU.ActiveCfg = Debug|Any CPU
		{CF6D6DF7-64B2-47C1-93DE-5A461971C63A}.Debug|Any CPU.Build.0 = Debug|Any CPU
		{CF6D6DF7-64B2-47C1-93DE-5A461971C63A}.Debug|ARM.ActiveCfg = Debug|Any CPU
		{CF6D6DF7-64B2-47C1-93DE-5A461971C63A}.Debug|ARM.Build.0 = Debug|Any CPU
		{CF6D6DF7-64B2-47C1-93DE-5A461971C63A}.Debug|x64.ActiveCfg = Debug|Any CPU
		{CF6D6DF7-64B2-47C1-93DE-5A461971C63A}.Debug|x64.Build.0 = Debug|Any CPU
		{CF6D6DF7-64B2-47C1-93DE-5A461971C63A}.Debug|x86.ActiveCfg = Debug|Any CPU
		{CF6D6DF7-64B2-47C1-93DE-5A461971C63A}.Debug|x86.Build.0 = Debug|Any CPU
		{CF6D6DF7-64B2-47C1-93DE-5A461971C63A}.Release|Any CPU.ActiveCfg = Release|Any CPU
		{CF6D6DF7-64B2-47C1-93DE-5A461971C63A}.Release|Any CPU.Build.0 = Release|Any CPU
		{CF6D6DF7-64B2-47C1-93DE-5A461971C63A}.Release|ARM.ActiveCfg = Release|Any CPU
		{CF6D6DF7-64B2-47C1-93DE-5A461971C63A}.Release|ARM.Build.0 = Release|Any CPU
		{CF6D6DF7-64B2-47C1-93DE-5A461971C63A}.Release|x64.ActiveCfg = Release|Any CPU
		{CF6D6DF7-64B2-47C1-93DE-5A461971C63A}.Release|x64.Build.0 = Release|Any CPU
		{CF6D6DF7-64B2-47C1-93DE-5A461971C63A}.Release|x86.ActiveCfg = Release|Any CPU
		{CF6D6DF7-64B2-47C1-93DE-5A461971C63A}.Release|x86.Build.0 = Release|Any CPU
		{2BD751BB-908A-41A2-8B66-9C6E06E28798}.Debug|Any CPU.ActiveCfg = Debug|Any CPU
		{2BD751BB-908A-41A2-8B66-9C6E06E28798}.Debug|Any CPU.Build.0 = Debug|Any CPU
		{2BD751BB-908A-41A2-8B66-9C6E06E28798}.Debug|ARM.ActiveCfg = Debug|Any CPU
		{2BD751BB-908A-41A2-8B66-9C6E06E28798}.Debug|ARM.Build.0 = Debug|Any CPU
		{2BD751BB-908A-41A2-8B66-9C6E06E28798}.Debug|x64.ActiveCfg = Debug|Any CPU
		{2BD751BB-908A-41A2-8B66-9C6E06E28798}.Debug|x64.Build.0 = Debug|Any CPU
		{2BD751BB-908A-41A2-8B66-9C6E06E28798}.Debug|x86.ActiveCfg = Debug|Any CPU
		{2BD751BB-908A-41A2-8B66-9C6E06E28798}.Debug|x86.Build.0 = Debug|Any CPU
		{2BD751BB-908A-41A2-8B66-9C6E06E28798}.Release|Any CPU.ActiveCfg = Release|Any CPU
		{2BD751BB-908A-41A2-8B66-9C6E06E28798}.Release|Any CPU.Build.0 = Release|Any CPU
		{2BD751BB-908A-41A2-8B66-9C6E06E28798}.Release|ARM.ActiveCfg = Release|Any CPU
		{2BD751BB-908A-41A2-8B66-9C6E06E28798}.Release|ARM.Build.0 = Release|Any CPU
		{2BD751BB-908A-41A2-8B66-9C6E06E28798}.Release|x64.ActiveCfg = Release|Any CPU
		{2BD751BB-908A-41A2-8B66-9C6E06E28798}.Release|x64.Build.0 = Release|Any CPU
		{2BD751BB-908A-41A2-8B66-9C6E06E28798}.Release|x86.ActiveCfg = Release|Any CPU
		{2BD751BB-908A-41A2-8B66-9C6E06E28798}.Release|x86.Build.0 = Release|Any CPU
		{57BD5294-D3B5-45EE-8D6A-BFBD82B6502B}.Debug|Any CPU.ActiveCfg = Debug|Any CPU
		{57BD5294-D3B5-45EE-8D6A-BFBD82B6502B}.Debug|Any CPU.Build.0 = Debug|Any CPU
		{57BD5294-D3B5-45EE-8D6A-BFBD82B6502B}.Debug|ARM.ActiveCfg = Debug|Any CPU
		{57BD5294-D3B5-45EE-8D6A-BFBD82B6502B}.Debug|ARM.Build.0 = Debug|Any CPU
		{57BD5294-D3B5-45EE-8D6A-BFBD82B6502B}.Debug|x64.ActiveCfg = Debug|Any CPU
		{57BD5294-D3B5-45EE-8D6A-BFBD82B6502B}.Debug|x64.Build.0 = Debug|Any CPU
		{57BD5294-D3B5-45EE-8D6A-BFBD82B6502B}.Debug|x86.ActiveCfg = Debug|Any CPU
		{57BD5294-D3B5-45EE-8D6A-BFBD82B6502B}.Debug|x86.Build.0 = Debug|Any CPU
		{57BD5294-D3B5-45EE-8D6A-BFBD82B6502B}.Release|Any CPU.ActiveCfg = Release|Any CPU
		{57BD5294-D3B5-45EE-8D6A-BFBD82B6502B}.Release|Any CPU.Build.0 = Release|Any CPU
		{57BD5294-D3B5-45EE-8D6A-BFBD82B6502B}.Release|ARM.ActiveCfg = Release|Any CPU
		{57BD5294-D3B5-45EE-8D6A-BFBD82B6502B}.Release|ARM.Build.0 = Release|Any CPU
		{57BD5294-D3B5-45EE-8D6A-BFBD82B6502B}.Release|x64.ActiveCfg = Release|Any CPU
		{57BD5294-D3B5-45EE-8D6A-BFBD82B6502B}.Release|x64.Build.0 = Release|Any CPU
		{57BD5294-D3B5-45EE-8D6A-BFBD82B6502B}.Release|x86.ActiveCfg = Release|Any CPU
		{57BD5294-D3B5-45EE-8D6A-BFBD82B6502B}.Release|x86.Build.0 = Release|Any CPU
		{058A8B1B-2289-42D1-BC22-A1BF164BEB9D}.Debug|Any CPU.ActiveCfg = Debug|Any CPU
		{058A8B1B-2289-42D1-BC22-A1BF164BEB9D}.Debug|Any CPU.Build.0 = Debug|Any CPU
		{058A8B1B-2289-42D1-BC22-A1BF164BEB9D}.Debug|ARM.ActiveCfg = Debug|Any CPU
		{058A8B1B-2289-42D1-BC22-A1BF164BEB9D}.Debug|ARM.Build.0 = Debug|Any CPU
		{058A8B1B-2289-42D1-BC22-A1BF164BEB9D}.Debug|x64.ActiveCfg = Debug|Any CPU
		{058A8B1B-2289-42D1-BC22-A1BF164BEB9D}.Debug|x64.Build.0 = Debug|Any CPU
		{058A8B1B-2289-42D1-BC22-A1BF164BEB9D}.Debug|x86.ActiveCfg = Debug|Any CPU
		{058A8B1B-2289-42D1-BC22-A1BF164BEB9D}.Debug|x86.Build.0 = Debug|Any CPU
		{058A8B1B-2289-42D1-BC22-A1BF164BEB9D}.Release|Any CPU.ActiveCfg = Release|Any CPU
		{058A8B1B-2289-42D1-BC22-A1BF164BEB9D}.Release|Any CPU.Build.0 = Release|Any CPU
		{058A8B1B-2289-42D1-BC22-A1BF164BEB9D}.Release|ARM.ActiveCfg = Release|Any CPU
		{058A8B1B-2289-42D1-BC22-A1BF164BEB9D}.Release|ARM.Build.0 = Release|Any CPU
		{058A8B1B-2289-42D1-BC22-A1BF164BEB9D}.Release|x64.ActiveCfg = Release|Any CPU
		{058A8B1B-2289-42D1-BC22-A1BF164BEB9D}.Release|x64.Build.0 = Release|Any CPU
		{058A8B1B-2289-42D1-BC22-A1BF164BEB9D}.Release|x86.ActiveCfg = Release|Any CPU
		{058A8B1B-2289-42D1-BC22-A1BF164BEB9D}.Release|x86.Build.0 = Release|Any CPU
		{03B5F305-1747-41F8-9AE7-F6701C37CD9F}.Debug|Any CPU.ActiveCfg = Debug|Any CPU
		{03B5F305-1747-41F8-9AE7-F6701C37CD9F}.Debug|Any CPU.Build.0 = Debug|Any CPU
		{03B5F305-1747-41F8-9AE7-F6701C37CD9F}.Debug|ARM.ActiveCfg = Debug|Any CPU
		{03B5F305-1747-41F8-9AE7-F6701C37CD9F}.Debug|ARM.Build.0 = Debug|Any CPU
		{03B5F305-1747-41F8-9AE7-F6701C37CD9F}.Debug|x64.ActiveCfg = Debug|Any CPU
		{03B5F305-1747-41F8-9AE7-F6701C37CD9F}.Debug|x64.Build.0 = Debug|Any CPU
		{03B5F305-1747-41F8-9AE7-F6701C37CD9F}.Debug|x86.ActiveCfg = Debug|Any CPU
		{03B5F305-1747-41F8-9AE7-F6701C37CD9F}.Debug|x86.Build.0 = Debug|Any CPU
		{03B5F305-1747-41F8-9AE7-F6701C37CD9F}.Release|Any CPU.ActiveCfg = Release|Any CPU
		{03B5F305-1747-41F8-9AE7-F6701C37CD9F}.Release|Any CPU.Build.0 = Release|Any CPU
		{03B5F305-1747-41F8-9AE7-F6701C37CD9F}.Release|ARM.ActiveCfg = Release|Any CPU
		{03B5F305-1747-41F8-9AE7-F6701C37CD9F}.Release|ARM.Build.0 = Release|Any CPU
		{03B5F305-1747-41F8-9AE7-F6701C37CD9F}.Release|x64.ActiveCfg = Release|Any CPU
		{03B5F305-1747-41F8-9AE7-F6701C37CD9F}.Release|x64.Build.0 = Release|Any CPU
		{03B5F305-1747-41F8-9AE7-F6701C37CD9F}.Release|x86.ActiveCfg = Release|Any CPU
		{03B5F305-1747-41F8-9AE7-F6701C37CD9F}.Release|x86.Build.0 = Release|Any CPU
		{D46AA941-40CD-4C6D-AA3A-4761D7AB70F6}.Debug|Any CPU.ActiveCfg = Debug|Any CPU
		{D46AA941-40CD-4C6D-AA3A-4761D7AB70F6}.Debug|Any CPU.Build.0 = Debug|Any CPU
		{D46AA941-40CD-4C6D-AA3A-4761D7AB70F6}.Debug|ARM.ActiveCfg = Debug|ARM
		{D46AA941-40CD-4C6D-AA3A-4761D7AB70F6}.Debug|ARM.Build.0 = Debug|ARM
		{D46AA941-40CD-4C6D-AA3A-4761D7AB70F6}.Debug|x64.ActiveCfg = Debug|x64
		{D46AA941-40CD-4C6D-AA3A-4761D7AB70F6}.Debug|x64.Build.0 = Debug|x64
		{D46AA941-40CD-4C6D-AA3A-4761D7AB70F6}.Debug|x86.ActiveCfg = Debug|x86
		{D46AA941-40CD-4C6D-AA3A-4761D7AB70F6}.Debug|x86.Build.0 = Debug|x86
		{D46AA941-40CD-4C6D-AA3A-4761D7AB70F6}.Release|Any CPU.ActiveCfg = Release|Any CPU
		{D46AA941-40CD-4C6D-AA3A-4761D7AB70F6}.Release|Any CPU.Build.0 = Release|Any CPU
		{D46AA941-40CD-4C6D-AA3A-4761D7AB70F6}.Release|ARM.ActiveCfg = Release|ARM
		{D46AA941-40CD-4C6D-AA3A-4761D7AB70F6}.Release|ARM.Build.0 = Release|ARM
		{D46AA941-40CD-4C6D-AA3A-4761D7AB70F6}.Release|x64.ActiveCfg = Release|x64
		{D46AA941-40CD-4C6D-AA3A-4761D7AB70F6}.Release|x64.Build.0 = Release|x64
		{D46AA941-40CD-4C6D-AA3A-4761D7AB70F6}.Release|x86.ActiveCfg = Release|x86
		{D46AA941-40CD-4C6D-AA3A-4761D7AB70F6}.Release|x86.Build.0 = Release|x86
	EndGlobalSection
	GlobalSection(SolutionProperties) = preSolution
		HideSolutionNode = FALSE
	EndGlobalSection
	GlobalSection(NestedProjects) = preSolution
		{2CECB65C-B6D5-417E-8A32-E53F157F3C42} = {EB2D5506-B46B-4B19-9031-8E270572E2C1}
		{CF6D6DF7-64B2-47C1-93DE-5A461971C63A} = {EB2D5506-B46B-4B19-9031-8E270572E2C1}
		{2BD751BB-908A-41A2-8B66-9C6E06E28798} = {EB2D5506-B46B-4B19-9031-8E270572E2C1}
		{57BD5294-D3B5-45EE-8D6A-BFBD82B6502B} = {EB2D5506-B46B-4B19-9031-8E270572E2C1}
	EndGlobalSection
	GlobalSection(ExtensibilityGlobals) = postSolution
		SolutionGuid = {D967ECD8-09F3-4E46-989E-D94744D44532}
	EndGlobalSection
EndGlobal
